
Microsoft Visual Studio Solution File, Format Version 12.00
# Visual Studio Version 16
VisualStudioVersion = 16.0.31624.102
MinimumVisualStudioVersion = 10.0.40219.1
Project("{FAE04EC0-301F-11D3-BF4B-00C04F79EFBC}") = "CES", "CES\CES.csproj", "{A8AE1744-7A68-41A1-8748-171BC2D6F920}"
EndProject
Global
	GlobalSection(SolutionConfigurationPlatforms) = preSolution
		Debug|Any CPU = Debug|Any CPU
		Release|Any CPU = Release|Any CPU
	EndGlobalSection
	GlobalSection(ProjectConfigurationPlatforms) = postSolution
		{A8AE1744-7A68-41A1-8748-171BC2D6F920}.Debug|Any CPU.ActiveCfg = Debug|Any CPU
		{A8AE1744-7A68-41A1-8748-171BC2D6F920}.Debug|Any CPU.Build.0 = Debug|Any CPU
		{A8AE1744-7A68-41A1-8748-171BC2D6F920}.Release|Any CPU.ActiveCfg = Release|Any CPU
		{A8AE1744-7A68-41A1-8748-171BC2D6F920}.Release|Any CPU.Build.0 = Release|Any CPU
	EndGlobalSection
	GlobalSection(SolutionProperties) = preSolution
		HideSolutionNode = FALSE
	EndGlobalSection
	GlobalSection(ExtensibilityGlobals) = postSolution
		SolutionGuid = {433B5A59-640D-4156-A4BB-A4BFF5CD6D27}
	EndGlobalSection
EndGlobal
